
Microsoft Visual Studio Solution File, Format Version 12.00
# Visual Studio Version 16
VisualStudioVersion = 16.0.30204.135
MinimumVisualStudioVersion = 10.0.40219.1
Project("{FAE04EC0-301F-11D3-BF4B-00C04F79EFBC}") = "TmpClient", "TmpClient\TmpClient.csproj", "{6B4D0BB3-55E2-41DE-AC69-7075AE4B7833}"
EndProject
Global
	GlobalSection(SolutionConfigurationPlatforms) = preSolution
		Debug|Any CPU = Debug|Any CPU
		Release|Any CPU = Release|Any CPU
	EndGlobalSection
	GlobalSection(ProjectConfigurationPlatforms) = postSolution
		{6B4D0BB3-55E2-41DE-AC69-7075AE4B7833}.Debug|Any CPU.ActiveCfg = Debug|Any CPU
		{6B4D0BB3-55E2-41DE-AC69-7075AE4B7833}.Debug|Any CPU.Build.0 = Debug|Any CPU
		{6B4D0BB3-55E2-41DE-AC69-7075AE4B7833}.Release|Any CPU.ActiveCfg = Release|Any CPU
		{6B4D0BB3-55E2-41DE-AC69-7075AE4B7833}.Release|Any CPU.Build.0 = Release|Any CPU
	EndGlobalSection
	GlobalSection(SolutionProperties) = preSolution
		HideSolutionNode = FALSE
	EndGlobalSection
	GlobalSection(ExtensibilityGlobals) = postSolution
		SolutionGuid = {B77CCB8B-8E94-446D-B119-6356EC115E47}
	EndGlobalSection
EndGlobal
